// !$*UTF8*$!
{
	archiveVersion = 1;
	classes = {
	};
	objectVersion = 46;
	objects = {

/* Begin PBXBuildFile section */
		27CDB8DA1E63D5A80000C271 /* AppDelegate.swift in Sources */ = {isa = PBXBuildFile; fileRef = 27CDB8D91E63D5A80000C271 /* AppDelegate.swift */; };
		27CDB8DF1E63D5A80000C271 /* Main.storyboard in Resources */ = {isa = PBXBuildFile; fileRef = 27CDB8DD1E63D5A80000C271 /* Main.storyboard */; };
		27CDB8E41E63D5A80000C271 /* Assets.xcassets in Resources */ = {isa = PBXBuildFile; fileRef = 27CDB8E31E63D5A80000C271 /* Assets.xcassets */; };
		27CDB8E71E63D5A80000C271 /* LaunchScreen.storyboard in Resources */ = {isa = PBXBuildFile; fileRef = 27CDB8E51E63D5A80000C271 /* LaunchScreen.storyboard */; };
		27CDB8EF1E63E1320000C271 /* GiftTableViewController.swift in Sources */ = {isa = PBXBuildFile; fileRef = 27CDB8EE1E63E1320000C271 /* GiftTableViewController.swift */; };
		27CDB8F11E63E35B0000C271 /* GIftTableViewCell.swift in Sources */ = {isa = PBXBuildFile; fileRef = 27CDB8F01E63E35B0000C271 /* GIftTableViewCell.swift */; };
		27CDB8F41E63EC0F0000C271 /* GiftModel.xcdatamodeld in Sources */ = {isa = PBXBuildFile; fileRef = 27CDB8F21E63EC0F0000C271 /* GiftModel.xcdatamodeld */; };
/* End PBXBuildFile section */

/* Begin PBXFileReference section */
		27CDB8D61E63D5A80000C271 /* GiftThem.app */ = {isa = PBXFileReference; explicitFileType = wrapper.application; includeInIndex = 0; path = GiftThem.app; sourceTree = BUILT_PRODUCTS_DIR; };
		27CDB8D91E63D5A80000C271 /* AppDelegate.swift */ = {isa = PBXFileReference; lastKnownFileType = sourcecode.swift; path = AppDelegate.swift; sourceTree = "<group>"; };
		27CDB8DE1E63D5A80000C271 /* Base */ = {isa = PBXFileReference; lastKnownFileType = file.storyboard; name = Base; path = Base.lproj/Main.storyboard; sourceTree = "<group>"; };
		27CDB8E31E63D5A80000C271 /* Assets.xcassets */ = {isa = PBXFileReference; lastKnownFileType = folder.assetcatalog; path = Assets.xcassets; sourceTree = "<group>"; };
		27CDB8E61E63D5A80000C271 /* Base */ = {isa = PBXFileReference; lastKnownFileType = file.storyboard; name = Base; path = Base.lproj/LaunchScreen.storyboard; sourceTree = "<group>"; };
		27CDB8E81E63D5A80000C271 /* Info.plist */ = {isa = PBXFileReference; lastKnownFileType = text.plist.xml; path = Info.plist; sourceTree = "<group>"; };
		27CDB8EE1E63E1320000C271 /* GiftTableViewController.swift */ = {isa = PBXFileReference; fileEncoding = 4; lastKnownFileType = sourcecode.swift; path = GiftTableViewController.swift; sourceTree = "<group>"; };
		27CDB8F01E63E35B0000C271 /* GIftTableViewCell.swift */ = {isa = PBXFileReference; fileEncoding = 4; lastKnownFileType = sourcecode.swift; path = GIftTableViewCell.swift; sourceTree = "<group>"; };
		27CDB8F31E63EC0F0000C271 /* GiftModel.xcdatamodel */ = {isa = PBXFileReference; lastKnownFileType = wrapper.xcdatamodel; path = GiftModel.xcdatamodel; sourceTree = "<group>"; };
/* End PBXFileReference section */

/* Begin PBXFrameworksBuildPhase section */
		27CDB8D31E63D5A80000C271 /* Frameworks */ = {
			isa = PBXFrameworksBuildPhase;
			buildActionMask = 2147483647;
			files = (
			);
			runOnlyForDeploymentPostprocessing = 0;
		};
/* End PBXFrameworksBuildPhase section */

/* Begin PBXGroup section */
		27CDB8CD1E63D5A80000C271 = {
			isa = PBXGroup;
			children = (
				27CDB8D81E63D5A80000C271 /* GiftThem */,
				27CDB8D71E63D5A80000C271 /* Products */,
			);
			sourceTree = "<group>";
		};
		27CDB8D71E63D5A80000C271 /* Products */ = {
			isa = PBXGroup;
			children = (
				27CDB8D61E63D5A80000C271 /* GiftThem.app */,
			);
			name = Products;
			sourceTree = "<group>";
		};
		27CDB8D81E63D5A80000C271 /* GiftThem */ = {
			isa = PBXGroup;
			children = (
				27CDB8D91E63D5A80000C271 /* AppDelegate.swift */,
				27CDB8F01E63E35B0000C271 /* GIftTableViewCell.swift */,
				27CDB8EE1E63E1320000C271 /* GiftTableViewController.swift */,
				27CDB8F21E63EC0F0000C271 /* GiftModel.xcdatamodeld */,
				27CDB8DD1E63D5A80000C271 /* Main.storyboard */,
				27CDB8E31E63D5A80000C271 /* Assets.xcassets */,
				27CDB8E51E63D5A80000C271 /* LaunchScreen.storyboard */,
				27CDB8E81E63D5A80000C271 /* Info.plist */,
			);
			path = GiftThem;
			sourceTree = "<group>";
		};
/* End PBXGroup section */

/* Begin PBXNativeTarget section */
		27CDB8D51E63D5A80000C271 /* GiftThem */ = {
			isa = PBXNativeTarget;
			buildConfigurationList = 27CDB8EB1E63D5A80000C271 /* Build configuration list for PBXNativeTarget "GiftThem" */;
			buildPhases = (
				27CDB8D21E63D5A80000C271 /* Sources */,
				27CDB8D31E63D5A80000C271 /* Frameworks */,
				27CDB8D41E63D5A80000C271 /* Resources */,
			);
			buildRules = (
			);
			dependencies = (
			);
			name = GiftThem;
			productName = GiftThem;
			productReference = 27CDB8D61E63D5A80000C271 /* GiftThem.app */;
			productType = "com.apple.product-type.application";
		};
/* End PBXNativeTarget section */

/* Begin PBXProject section */
		27CDB8CE1E63D5A80000C271 /* Project object */ = {
			isa = PBXProject;
			attributes = {
				LastSwiftUpdateCheck = 0820;
				LastUpgradeCheck = 0820;
				ORGANIZATIONNAME = "Raul Fernando Gutierrez";
				TargetAttributes = {
					27CDB8D51E63D5A80000C271 = {
						CreatedOnToolsVersion = 8.2.1;
						DevelopmentTeam = 5MAN2N8ZNM;
						ProvisioningStyle = Automatic;
					};
				};
			};
			buildConfigurationList = 27CDB8D11E63D5A80000C271 /* Build configuration list for PBXProject "GiftThem" */;
			compatibilityVersion = "Xcode 3.2";
			developmentRegion = English;
			hasScannedForEncodings = 0;
			knownRegions = (
				en,
				Base,
			);
			mainGroup = 27CDB8CD1E63D5A80000C271;
			productRefGroup = 27CDB8D71E63D5A80000C271 /* Products */;
			projectDirPath = "";
			projectRoot = "";
			targets = (
				27CDB8D51E63D5A80000C271 /* GiftThem */,
			);
		};
/* End PBXProject section */

/* Begin PBXResourcesBuildPhase section */
		27CDB8D41E63D5A80000C271 /* Resources */ = {
			isa = PBXResourcesBuildPhase;
			buildActionMask = 2147483647;
			files = (
				27CDB8E71E63D5A80000C271 /* LaunchScreen.storyboard in Resources */,
				27CDB8E41E63D5A80000C271 /* Assets.xcassets in Resources */,
				27CDB8DF1E63D5A80000C271 /* Main.storyboard in Resources */,
			);
			runOnlyForDeploymentPostprocessing = 0;
		};
/* End PBXResourcesBuildPhase section */

/* Begin PBXSourcesBuildPhase section */
		27CDB8D21E63D5A80000C271 /* Sources */ = {
			isa = PBXSourcesBuildPhase;
			buildActionMask = 2147483647;
			files = (
				27CDB8EF1E63E1320000C271 /* GiftTableViewController.swift in Sources */,
				27CDB8DA1E63D5A80000C271 /* AppDelegate.swift in Sources */,
				27CDB8F41E63EC0F0000C271 /* GiftModel.xcdatamodeld in Sources */,
				27CDB8F11E63E35B0000C271 /* GIftTableViewCell.swift in Sources */,
			);
			runOnlyForDeploymentPostprocessing = 0;
		};
/* End PBXSourcesBuildPhase section */

/* Begin PBXVariantGroup section */
		27CDB8DD1E63D5A80000C271 /* Main.storyboard */ = {
			isa = PBXVariantGroup;
			children = (
				27CDB8DE1E63D5A80000C271 /* Base */,
			);
			name = Main.storyboard;
			sourceTree = "<group>";
		};
		27CDB8E51E63D5A80000C271 /* LaunchScreen.storyboard */ = {
			isa = PBXVariantGroup;
			children = (
				27CDB8E61E63D5A80000C271 /* Base */,
			);
			name = LaunchScreen.storyboard;
			sourceTree = "<group>";
		};
/* End PBXVariantGroup section */

/* Begin XCBuildConfiguration section */
		27CDB8E91E63D5A80000C271 /* Debug */ = {
			isa = XCBuildConfiguration;
			buildSettings = {
				ALWAYS_SEARCH_USER_PATHS = NO;
				CLANG_ANALYZER_NONNULL = YES;
				CLANG_CXX_LANGUAGE_STANDARD = "gnu++0x";
				CLANG_CXX_LIBRARY = "libc++";
				CLANG_ENABLE_MODULES = YES;
				CLANG_ENABLE_OBJC_ARC = YES;
				CLANG_WARN_BOOL_CONVERSION = YES;
				CLANG_WARN_CONSTANT_CONVERSION = YES;
				CLANG_WARN_DIRECT_OBJC_ISA_USAGE = YES_ERROR;
				CLANG_WARN_DOCUMENTATION_COMMENTS = YES;
				CLANG_WARN_EMPTY_BODY = YES;
				CLANG_WARN_ENUM_CONVERSION = YES;
				CLANG_WARN_INFINITE_RECURSION = YES;
				CLANG_WARN_INT_CONVERSION = YES;
				CLANG_WARN_OBJC_ROOT_CLASS = YES_ERROR;
				CLANG_WARN_SUSPICIOUS_MOVE = YES;
				CLANG_WARN_UNREACHABLE_CODE = YES;
				CLANG_WARN__DUPLICATE_METHOD_MATCH = YES;
				"CODE_SIGN_IDENTITY[sdk=iphoneos*]" = "iPhone Developer";
				COPY_PHASE_STRIP = NO;
				DEBUG_INFORMATION_FORMAT = dwarf;
				ENABLE_STRICT_OBJC_MSGSEND = YES;
				ENABLE_TESTABILITY = YES;
				GCC_C_LANGUAGE_STANDARD = gnu99;
				GCC_DYNAMIC_NO_PIC = NO;
				GCC_NO_COMMON_BLOCKS = YES;
				GCC_OPTIMIZATION_LEVEL = 0;
				GCC_PREPROCESSOR_DEFINITIONS = (
					"DEBUG=1",
					"$(inherited)",
				);
				GCC_WARN_64_TO_32_BIT_CONVERSION = YES;
				GCC_WARN_ABOUT_RETURN_TYPE = YES_ERROR;
				GCC_WARN_UNDECLARED_SELECTOR = YES;
				GCC_WARN_UNINITIALIZED_AUTOS = YES_AGGRESSIVE;
				GCC_WARN_UNUSED_FUNCTION = YES;
				GCC_WARN_UNUSED_VARIABLE = YES;
				IPHONEOS_DEPLOYMENT_TARGET = 10.2;
				MTL_ENABLE_DEBUG_INFO = YES;
				ONLY_ACTIVE_ARCH = YES;
				SDKROOT = iphoneos;
				SWIFT_ACTIVE_COMPILATION_CONDITIONS = DEBUG;
				SWIFT_OPTIMIZATION_LEVEL = "-Onone";
				TARGETED_DEVICE_FAMILY = "1,2";
			};
			name = Debug;
		};
		27CDB8EA1E63D5A80000C271 /* Release */ = {
			isa = XCBuildConfiguration;
			buildSettings = {
				ALWAYS_SEARCH_USER_PATHS = NO;
				CLANG_ANALYZER_NONNULL = YES;
				CLANG_CXX_LANGUAGE_STANDARD = "gnu++0x";
				CLANG_CXX_LIBRARY = "libc++";
				CLANG_ENABLE_MODULES = YES;
				CLANG_ENABLE_OBJC_ARC = YES;
				CLANG_WARN_BOOL_CONVERSION = YES;
				CLANG_WARN_CONSTANT_CONVERSION = YES;
				CLANG_WARN_DIRECT_OBJC_ISA_USAGE = YES_ERROR;
				CLANG_WARN_DOCUMENTATION_COMMENTS = YES;
				CLANG_WARN_EMPTY_BODY = YES;
				CLANG_WARN_ENUM_CONVERSION = YES;
				CLANG_WARN_INFINITE_RECURSION = YES;
				CLANG_WARN_INT_CONVERSION = YES;
				CLANG_WARN_OBJC_ROOT_CLASS = YES_ERROR;
				CLANG_WARN_SUSPICIOUS_MOVE = YES;
				CLANG_WARN_UNREACHABLE_CODE = YES;
				CLANG_WARN__DUPLICATE_METHOD_MATCH = YES;
				"CODE_SIGN_IDENTITY[sdk=iphoneos*]" = "iPhone Developer";
				COPY_PHASE_STRIP = NO;
				DEBUG_INFORMATION_FORMAT = "dwarf-with-dsym";
				ENABLE_NS_ASSERTIONS = NO;
				ENABLE_STRICT_OBJC_MSGSEND = YES;
				GCC_C_LANGUAGE_STANDARD = gnu99;
				GCC_NO_COMMON_BLOCKS = YES;
				GCC_WARN_64_TO_32_BIT_CONVERSION = YES;
				GCC_WARN_ABOUT_RETURN_TYPE = YES_ERROR;
				GCC_WARN_UNDECLARED_SELECTOR = YES;
				GCC_WARN_UNINITIALIZED_AUTOS = YES_AGGRESSIVE;
				GCC_WARN_UNUSED_FUNCTION = YES;
				GCC_WARN_UNUSED_VARIABLE = YES;
				IPHONEOS_DEPLOYMENT_TARGET = 10.2;
				MTL_ENABLE_DEBUG_INFO = NO;
				SDKROOT = iphoneos;
				SWIFT_OPTIMIZATION_LEVEL = "-Owholemodule";
				TARGETED_DEVICE_FAMILY = "1,2";
				VALIDATE_PRODUCT = YES;
			};
			name = Release;
		};
		27CDB8EC1E63D5A80000C271 /* Debug */ = {
			isa = XCBuildConfiguration;
			buildSettings = {
				ASSETCATALOG_COMPILER_APPICON_NAME = AppIcon;
				DEVELOPMENT_TEAM = 5MAN2N8ZNM;
				INFOPLIST_FILE = GiftThem/Info.plist;
				LD_RUNPATH_SEARCH_PATHS = "$(inherited) @executable_path/Frameworks";
				PRODUCT_BUNDLE_IDENTIFIER = TheWorldChico.GiftThem;
				PRODUCT_NAME = "$(TARGET_NAME)";
				SWIFT_VERSION = 3.0;
			};
			name = Debug;
		};
		27CDB8ED1E63D5A80000C271 /* Release */ = {
			isa = XCBuildConfiguration;
			buildSettings = {
				ASSETCATALOG_COMPILER_APPICON_NAME = AppIcon;
				DEVELOPMENT_TEAM = 5MAN2N8ZNM;
				INFOPLIST_FILE = GiftThem/Info.plist;
				LD_RUNPATH_SEARCH_PATHS = "$(inherited) @executable_path/Frameworks";
				PRODUCT_BUNDLE_IDENTIFIER = TheWorldChico.GiftThem;
				PRODUCT_NAME = "$(TARGET_NAME)";
				SWIFT_VERSION = 3.0;
			};
			name = Release;
		};
/* End XCBuildConfiguration section */

/* Begin XCConfigurationList section */
		27CDB8D11E63D5A80000C271 /* Build configuration list for PBXProject "GiftThem" */ = {
			isa = XCConfigurationList;
			buildConfigurations = (
				27CDB8E91E63D5A80000C271 /* Debug */,
				27CDB8EA1E63D5A80000C271 /* Release */,
			);
			defaultConfigurationIsVisible = 0;
			defaultConfigurationName = Release;
		};
		27CDB8EB1E63D5A80000C271 /* Build configuration list for PBXNativeTarget "GiftThem" */ = {
			isa = XCConfigurationList;
			buildConfigurations = (
				27CDB8EC1E63D5A80000C271 /* Debug */,
				27CDB8ED1E63D5A80000C271 /* Release */,
			);
			defaultConfigurationIsVisible = 0;
			defaultConfigurationName = Release;
		};
/* End XCConfigurationList section */

/* Begin XCVersionGroup section */
		27CDB8F21E63EC0F0000C271 /* GiftModel.xcdatamodeld */ = {
			isa = XCVersionGroup;
			children = (
				27CDB8F31E63EC0F0000C271 /* GiftModel.xcdatamodel */,
			);
			currentVersion = 27CDB8F31E63EC0F0000C271 /* GiftModel.xcdatamodel */;
			path = GiftModel.xcdatamodeld;
			sourceTree = "<group>";
			versionGroupType = wrapper.xcdatamodel;
		};
/* End XCVersionGroup section */
	};
	rootObject = 27CDB8CE1E63D5A80000C271 /* Project object */;
}
